
Microsoft Visual Studio Solution File, Format Version 12.00
# Visual Studio Version 16
VisualStudioVersion = 16.0.31605.320
MinimumVisualStudioVersion = 10.0.40219.1
Project("{FAE04EC0-301F-11D3-BF4B-00C04F79EFBC}") = "GUI_Quan_Ly", "GUI_Quan_Ly.csproj", "{4C71A9B5-D810-404C-8B2A-7074DEC1C680}"
EndProject
Project("{FAE04EC0-301F-11D3-BF4B-00C04F79EFBC}") = "BUS", "..\BUS\BUS.csproj", "{1659E8DC-8AC8-4169-85C1-3E5E8493B1A2}"
EndProject
Project("{FAE04EC0-301F-11D3-BF4B-00C04F79EFBC}") = "DAL", "..\DAL\DAL.csproj", "{F7004FDF-6770-4CF8-85FD-EA708A6F9F81}"
EndProject
Global
	GlobalSection(SolutionConfigurationPlatforms) = preSolution
		Debug|Any CPU = Debug|Any CPU
		Release|Any CPU = Release|Any CPU
	EndGlobalSection
	GlobalSection(ProjectConfigurationPlatforms) = postSolution
		{4C71A9B5-D810-404C-8B2A-7074DEC1C680}.Debug|Any CPU.ActiveCfg = Debug|Any CPU
		{4C71A9B5-D810-404C-8B2A-7074DEC1C680}.Debug|Any CPU.Build.0 = Debug|Any CPU
		{4C71A9B5-D810-404C-8B2A-7074DEC1C680}.Release|Any CPU.ActiveCfg = Release|Any CPU
		{4C71A9B5-D810-404C-8B2A-7074DEC1C680}.Release|Any CPU.Build.0 = Release|Any CPU
		{1659E8DC-8AC8-4169-85C1-3E5E8493B1A2}.Debug|Any CPU.ActiveCfg = Debug|Any CPU
		{1659E8DC-8AC8-4169-85C1-3E5E8493B1A2}.Debug|Any CPU.Build.0 = Debug|Any CPU
		{1659E8DC-8AC8-4169-85C1-3E5E8493B1A2}.Release|Any CPU.ActiveCfg = Release|Any CPU
		{1659E8DC-8AC8-4169-85C1-3E5E8493B1A2}.Release|Any CPU.Build.0 = Release|Any CPU
		{F7004FDF-6770-4CF8-85FD-EA708A6F9F81}.Debug|Any CPU.ActiveCfg = Debug|Any CPU
		{F7004FDF-6770-4CF8-85FD-EA708A6F9F81}.Debug|Any CPU.Build.0 = Debug|Any CPU
		{F7004FDF-6770-4CF8-85FD-EA708A6F9F81}.Release|Any CPU.ActiveCfg = Release|Any CPU
		{F7004FDF-6770-4CF8-85FD-EA708A6F9F81}.Release|Any CPU.Build.0 = Release|Any CPU
	EndGlobalSection
	GlobalSection(SolutionProperties) = preSolution
		HideSolutionNode = FALSE
	EndGlobalSection
	GlobalSection(ExtensibilityGlobals) = postSolution
		SolutionGuid = {586F716A-35A3-4EFA-8D2E-6F65D4D8B94A}
	EndGlobalSection
EndGlobal
